
Microsoft Visual Studio Solution File, Format Version 12.00
# Visual Studio 15
VisualStudioVersion = 15.0.27428.2015
MinimumVisualStudioVersion = 10.0.40219.1
Project("{9A19103F-16F7-4668-BE54-9A1E7A4F7556}") = "DiscordBotDirectline", "DiscordBotDirectline\DiscordBotDirectline.csproj", "{82927D4C-0B49-470C-8349-AB235485442B}"
EndProject
Global
	GlobalSection(SolutionConfigurationPlatforms) = preSolution
		Debug|Any CPU = Debug|Any CPU
		Release|Any CPU = Release|Any CPU
	EndGlobalSection
	GlobalSection(ProjectConfigurationPlatforms) = postSolution
		{82927D4C-0B49-470C-8349-AB235485442B}.Debug|Any CPU.ActiveCfg = Debug|Any CPU
		{82927D4C-0B49-470C-8349-AB235485442B}.Debug|Any CPU.Build.0 = Debug|Any CPU
		{82927D4C-0B49-470C-8349-AB235485442B}.Release|Any CPU.ActiveCfg = Release|Any CPU
		{82927D4C-0B49-470C-8349-AB235485442B}.Release|Any CPU.Build.0 = Release|Any CPU
	EndGlobalSection
	GlobalSection(SolutionProperties) = preSolution
		HideSolutionNode = FALSE
	EndGlobalSection
	GlobalSection(ExtensibilityGlobals) = postSolution
		SolutionGuid = {9377F9B2-36C9-4CF6-8E48-F81574345337}
	EndGlobalSection
EndGlobal
